	<Project xmlns="http://schemas.microsoft.com/developer/msbuild/2003">
		<PropertyGroup>
			<ProjectGuid>{19439578-49E1-47C5-B714-60C70A5E63FB}</ProjectGuid>
			<ProjectVersion>12.2</ProjectVersion>
			<MainSource>Overseer.dpr</MainSource>
			<Config Condition="'$(Config)'==''">Debug</Config>
			<DCC_DCCCompiler>DCC32</DCC_DCCCompiler>
			<Base>True</Base>
			<Platform>Win32</Platform>
			<AppType>Application</AppType>
			<FrameworkType>VCL</FrameworkType>
		</PropertyGroup>
		<PropertyGroup Condition="'$(Config)'=='Base' or '$(Base)'!=''">
			<Base>true</Base>
		</PropertyGroup>
		<PropertyGroup Condition="'$(Config)'=='Release' or '$(Cfg_1)'!=''">
			<Cfg_1>true</Cfg_1>
			<CfgParent>Base</CfgParent>
			<Base>true</Base>
		</PropertyGroup>
		<PropertyGroup Condition="'$(Config)'=='Debug' or '$(Cfg_2)'!=''">
			<Cfg_2>true</Cfg_2>
			<CfgParent>Base</CfgParent>
			<Base>true</Base>
		</PropertyGroup>
		<PropertyGroup Condition="'$(Base)'!=''">
			<DCC_UnitSearchPath>..\Packages;$(DCC_UnitSearchPath)</DCC_UnitSearchPath>
			<DCC_Description>(C)opyright 2009-2010 by Vlad Ivanov</DCC_Description>
			<DCC_DependencyCheckOutputName>Overseer.exe</DCC_DependencyCheckOutputName>
			<DCC_UnitAlias>WinTypes=Windows;WinProcs=Windows;DbiTypes=BDE;DbiProcs=BDE;DbiErrs=BDE;$(DCC_UnitAlias)</DCC_UnitAlias>
			<DCC_UsePackage>vcl;rtl;vclx;vclactnband;dbrtl;vcldb;bdertl;VclSmp;DBXSybaseASADriver;DbxCommonDriver;DBXInterBaseDriver;DBXMySQLDriver;DbxClientDriver;DBXSybaseASEDriver;DBXOracleDriver;DBXMSSQLDriver;DBXInformixDriver;DBXDb2Driver;vclie;xmlrtl;inet;inetdbbde;inetdbxpress;vclribbon;Package1;vcldbx;dsnap;dsnapcon;TeeUI;TeeDB;Tee;dclado120;adortl120;IndyCore;IndySystem;IndyProtocols;intrawebdb_100_120;Intraweb_100_120;dbexpress;DataSnapIndy10ServerTransport;DataSnapProviderClient;DataSnapServer;dbxcds;websnap;webdsnap</DCC_UsePackage>
			<DCC_ImageBase>00400000</DCC_ImageBase>
			<DCC_Platform>x86</DCC_Platform>
		</PropertyGroup>
		<PropertyGroup Condition="'$(Cfg_1)'!=''">
			<DCC_ExeOutput>RELEASE</DCC_ExeOutput>
			<DCC_LocalDebugSymbols>false</DCC_LocalDebugSymbols>
			<DCC_Define>RELEASE;$(DCC_Define)</DCC_Define>
			<DCC_SymbolReferenceInfo>0</DCC_SymbolReferenceInfo>
			<DCC_DebugInformation>false</DCC_DebugInformation>
		</PropertyGroup>
		<PropertyGroup Condition="'$(Cfg_2)'!=''">
			<DCC_ExeOutput>DEBUG</DCC_ExeOutput>
			<DCC_BplOutput>..\Packages\</DCC_BplOutput>
			<DCC_UnitSearchPath>..\Packages\;$(DCC_UnitSearchPath)</DCC_UnitSearchPath>
			<DCC_Optimize>false</DCC_Optimize>
			<DCC_Define>DEBUG;$(DCC_Define)</DCC_Define>
		</PropertyGroup>
		<ItemGroup>
			<DelphiCompile Include="Overseer.dpr">
				<MainSource>MainSource</MainSource>
			</DelphiCompile>
			<RcCompile Include="waves.rc">
				<ContainerId>RC</ContainerId>
				<ContainerId>RC</ContainerId>
				<Form>waves.res</Form>
			</RcCompile>
			<DCCReference Include="Main.pas">
				<Form>MainForm</Form>
			</DCCReference>
			<DCCReference Include="About.pas">
				<Form>AboutForm</Form>
			</DCCReference>
			<DCCReference Include="mysql.pas"/>
			<DCCReference Include="Configuration.pas">
				<Form>ConfigurationForm</Form>
			</DCCReference>
			<DCCReference Include="FindGIUD.pas">
				<Form>FindGUIDForm</Form>
			</DCCReference>
			<DCCReference Include="Login.pas">
				<Form>LoginForm</Form>
			</DCCReference>
			<DCCReference Include="Accounts.pas">
				<Form>AccountsForm</Form>
			</DCCReference>
			<DCCReference Include="AccountCreate.pas">
				<Form>AccountCreateForm</Form>
			</DCCReference>
			<DCCReference Include="AccountChangePassword.pas">
				<Form>AccountChangePasswordForm</Form>
			</DCCReference>
			<DCCReference Include="AccountProperties.pas">
				<Form>AccountPropertiesForm</Form>
			</DCCReference>
			<DCCReference Include="Comments.pas">
				<Form>CommentsForm</Form>
			</DCCReference>
			<DCCReference Include="Permissions.pas">
				<Form>PermissionsForm</Form>
			</DCCReference>
			<DCCReference Include="Thread_Do_SIC_03.pas"/>
			<DCCReference Include="OverseerTypes.pas"/>
			<DCCReference Include="OverseerConsts.pas"/>
			<DCCReference Include="Thread_Do_SIC_01.pas"/>
			<DCCReference Include="Thread_Do_SIC_07.pas"/>
			<DCCReference Include="Thread_Do_SIC_04.pas"/>
			<DCCReference Include="Thread_Do_SIC_05.pas"/>
			<DCCReference Include="Thread_Do_SIC_08.pas"/>
			<DCCReference Include="Thread_Do_SIC_09.pas"/>
			<DCCReference Include="Thread_Do_SIC_10.pas"/>
			<DCCReference Include="OverseerRoutines.pas"/>
			<DCCReference Include="Thread_Do_ASKR.pas"/>
			<DCCReference Include="Thread_Do_SIC_06.pas"/>
			<None Include="NonUsedSources.txt"/>
			<None Include="Overseer.todo"/>
			<BuildConfiguration Include="Debug">
				<Key>Cfg_2</Key>
				<CfgParent>Base</CfgParent>
			</BuildConfiguration>
			<BuildConfiguration Include="Base">
				<Key>Base</Key>
			</BuildConfiguration>
			<BuildConfiguration Include="Release">
				<Key>Cfg_1</Key>
				<CfgParent>Base</CfgParent>
			</BuildConfiguration>
		</ItemGroup>
		<ItemGroup/>
		<Import Condition="Exists('$(BDS)\Bin\CodeGear.Delphi.Targets')" Project="$(BDS)\Bin\CodeGear.Delphi.Targets"/>
		<Import Condition="Exists('$(APPDATA)\Embarcadero\$(BDSAPPDATABASEDIR)\8.0\UserTools.proj')" Project="$(APPDATA)\Embarcadero\$(BDSAPPDATABASEDIR)\8.0\UserTools.proj"/>
		<ProjectExtensions>
			<Borland.Personality>Delphi.Personality.12</Borland.Personality>
			<Borland.ProjectType/>
			<BorlandProject>
				<Delphi.Personality>
					<Source>
						<Source Name="MainSource">Overseer.dpr</Source>
					</Source>
					<Parameters>
						<Parameters Name="DebugSourceDirs">C:\Program Files\Embarcadero\RAD Studio\8.0\source</Parameters>
					</Parameters>
					<VersionInfo>
						<VersionInfo Name="IncludeVerInfo">True</VersionInfo>
						<VersionInfo Name="AutoIncBuild">True</VersionInfo>
						<VersionInfo Name="MajorVer">1</VersionInfo>
						<VersionInfo Name="MinorVer">0</VersionInfo>
						<VersionInfo Name="Release">0</VersionInfo>
						<VersionInfo Name="Build">83</VersionInfo>
						<VersionInfo Name="Debug">True</VersionInfo>
						<VersionInfo Name="PreRelease">False</VersionInfo>
						<VersionInfo Name="Special">False</VersionInfo>
						<VersionInfo Name="Private">False</VersionInfo>
						<VersionInfo Name="DLL">False</VersionInfo>
						<VersionInfo Name="Locale">1049</VersionInfo>
						<VersionInfo Name="CodePage">1251</VersionInfo>
					</VersionInfo>
					<VersionInfoKeys>
						<VersionInfoKeys Name="CompanyName"/>
						<VersionInfoKeys Name="FileDescription"/>
						<VersionInfoKeys Name="FileVersion">1.0.0.83</VersionInfoKeys>
						<VersionInfoKeys Name="InternalName">overseer</VersionInfoKeys>
						<VersionInfoKeys Name="LegalCopyright">(C)opyright 2009-2010 by Vlad Ivanov</VersionInfoKeys>
						<VersionInfoKeys Name="LegalTrademarks"/>
						<VersionInfoKeys Name="OriginalFilename">overseer.exe</VersionInfoKeys>
						<VersionInfoKeys Name="ProductName">overseer</VersionInfoKeys>
						<VersionInfoKeys Name="ProductVersion">1.0.0.0</VersionInfoKeys>
						<VersionInfoKeys Name="Comments"/>
					</VersionInfoKeys>
					<Excluded_Packages>
						<Excluded_Packages Name="$(BDSBIN)\dcloffice2k150.bpl">Microsoft Office 2000 Sample Automation Server Wrapper Components</Excluded_Packages>
						<Excluded_Packages Name="$(BDSBIN)\dclofficexp150.bpl">Microsoft Office XP Sample Automation Server Wrapper Components</Excluded_Packages>
						<Excluded_Packages Name="$(BDSBIN)\bcboffice2k150.bpl">Embarcadero C++Builder Office 2000 Servers Package</Excluded_Packages>
						<Excluded_Packages Name="$(BDSBIN)\bcbofficexp150.bpl">Embarcadero C++Builder Office XP Servers Package</Excluded_Packages>
					</Excluded_Packages>
				</Delphi.Personality>
				<Platforms>
					<Platform value="Win32">True</Platform>
				</Platforms>
			</BorlandProject>
			<ProjectFileVersion>12</ProjectFileVersion>
		</ProjectExtensions>
	</Project>
