<Project xmlns="http://schemas.microsoft.com/developer/msbuild/2003">
    <PropertyGroup>
        <ProjectGuid>{34BE7689-E0CE-4001-8CF0-0E91B283EF9E}</ProjectGuid>
        <MainSource>ArchivingCommons.dpk</MainSource>
        <ProjectVersion>14.6</ProjectVersion>
        <FrameworkType>VCL</FrameworkType>
        <Base>True</Base>
        <Config Condition="'$(Config)'==''">Debug</Config>
        <Platform Condition="'$(Platform)'==''">Win32</Platform>
        <TargetedPlatforms>1</TargetedPlatforms>
        <AppType>Package</AppType>
    </PropertyGroup>
    <PropertyGroup Condition="'$(Config)'=='Base' or '$(Base)'!=''">
        <Base>true</Base>
    </PropertyGroup>
    <PropertyGroup Condition="('$(Platform)'=='Win32' and '$(Base)'=='true') or '$(Base_Win32)'!=''">
        <Base_Win32>true</Base_Win32>
        <CfgParent>Base</CfgParent>
        <Base>true</Base>
    </PropertyGroup>
    <PropertyGroup Condition="'$(Config)'=='Debug' or '$(Cfg_1)'!=''">
        <Cfg_1>true</Cfg_1>
        <CfgParent>Base</CfgParent>
        <Base>true</Base>
    </PropertyGroup>
    <PropertyGroup Condition="('$(Platform)'=='Win32' and '$(Cfg_1)'=='true') or '$(Cfg_1_Win32)'!=''">
        <Cfg_1_Win32>true</Cfg_1_Win32>
        <CfgParent>Cfg_1</CfgParent>
        <Cfg_1>true</Cfg_1>
        <Base>true</Base>
    </PropertyGroup>
    <PropertyGroup Condition="'$(Config)'=='Release' or '$(Cfg_2)'!=''">
        <Cfg_2>true</Cfg_2>
        <CfgParent>Base</CfgParent>
        <Base>true</Base>
    </PropertyGroup>
    <PropertyGroup Condition="'$(Base)'!=''">
        <DCC_BplOutput>..\..\$(Platform)\$(Config)\Packages</DCC_BplOutput>
        <VerInfo_Locale>1049</VerInfo_Locale>
        <VerInfo_Keys>CompanyName=;FileDescription=;FileVersion=1.0.0.0;InternalName=;LegalCopyright=;LegalTrademarks=;OriginalFilename=;ProductName=;ProductVersion=1.0.0.0;Comments=</VerInfo_Keys>
        <DCC_UnitSearchPath>..\..\$(Platform)\$(Config)\Packages;..\..\$(Platform)\$(Config)\DCU;$(DCC_UnitSearchPath)</DCC_UnitSearchPath>
        <DCC_DcpOutput>..\..\$(Platform)\$(Config)\DCP</DCC_DcpOutput>
        <DCC_Namespace>System;Xml;Data;Datasnap;Web;Soap;Vcl;Vcl.Imaging;Vcl.Touch;Vcl.Samples;Vcl.Shell;$(DCC_Namespace)</DCC_Namespace>
        <GenDll>true</GenDll>
        <GenPackage>true</GenPackage>
        <DCC_CBuilderOutput>All</DCC_CBuilderOutput>
        <DCC_DcuOutput>..\..\$(Platform)\$(Config)\DCU</DCC_DcuOutput>
        <DCC_ExeOutput>.\$(Platform)\$(Config)</DCC_ExeOutput>
        <DCC_E>false</DCC_E>
        <DCC_N>false</DCC_N>
        <DCC_S>false</DCC_S>
        <DCC_F>false</DCC_F>
        <DCC_K>false</DCC_K>
    </PropertyGroup>
    <PropertyGroup Condition="'$(Base_Win32)'!=''">
        <VerInfo_Locale>1033</VerInfo_Locale>
        <VerInfo_IncludeVerInfo>true</VerInfo_IncludeVerInfo>
        <VerInfo_Keys>CompanyName=;FileDescription=;FileVersion=1.0.0.0;InternalName=;LegalCopyright=;LegalTrademarks=;OriginalFilename=;ProductName=;ProductVersion=1.0.0.0;Comments=</VerInfo_Keys>
        <DCC_Namespace>Winapi;System.Win;Data.Win;Datasnap.Win;Web.Win;Soap.Win;Xml.Win;Bde;$(DCC_Namespace)</DCC_Namespace>
    </PropertyGroup>
    <PropertyGroup Condition="'$(Cfg_1)'!=''">
        <DCC_Define>DEBUG;$(DCC_Define)</DCC_Define>
        <DCC_DebugDCUs>true</DCC_DebugDCUs>
        <DCC_Optimize>false</DCC_Optimize>
        <DCC_GenerateStackFrames>true</DCC_GenerateStackFrames>
        <DCC_DebugInfoInExe>true</DCC_DebugInfoInExe>
        <DCC_RemoteDebug>true</DCC_RemoteDebug>
    </PropertyGroup>
    <PropertyGroup Condition="'$(Cfg_1_Win32)'!=''">
        <VerInfo_IncludeVerInfo>true</VerInfo_IncludeVerInfo>
        <VerInfo_Locale>1033</VerInfo_Locale>
        <DCC_RemoteDebug>false</DCC_RemoteDebug>
    </PropertyGroup>
    <PropertyGroup Condition="'$(Cfg_2)'!=''">
        <DCC_LocalDebugSymbols>false</DCC_LocalDebugSymbols>
        <DCC_Define>RELEASE;$(DCC_Define)</DCC_Define>
        <DCC_SymbolReferenceInfo>0</DCC_SymbolReferenceInfo>
        <DCC_DebugInformation>false</DCC_DebugInformation>
    </PropertyGroup>
    <ItemGroup>
        <DelphiCompile Include="$(MainSource)">
            <MainSource>MainSource</MainSource>
        </DelphiCompile>
        <DCCReference Include="rtl.dcp"/>
        <DCCReference Include="vcl.dcp"/>
        <DCCReference Include="dbrtl.dcp"/>
        <DCCReference Include="DbxCommonDriver.dcp"/>
        <DCCReference Include="dbexpress.dcp"/>
        <DCCReference Include="adortl.dcp"/>
        <DCCReference Include="vclimg.dcp"/>
        <DCCReference Include="vclx.dcp"/>
        <DCCReference Include="frx18.dcp"/>
        <DCCReference Include="fs18.dcp"/>
        <DCCReference Include="Logic\Types\uTDocumentArchivingBarcodeType.pas"/>
        <DCCReference Include="Logic\Types\uTMessageType.pas"/>
        <DCCReference Include="Logic\Types\uTOnDisplayMessage.pas"/>
        <DCCReference Include="Logic\Interfaces\uIArchiveBoxItem.pas"/>
        <DCCReference Include="Logic\Interfaces\uIArchiveBoxList.pas"/>
        <DCCReference Include="Logic\Interfaces\uIArchiveBoxTypeItem.pas"/>
        <DCCReference Include="Logic\Interfaces\uIArchiveBoxTypeList.pas"/>
        <DCCReference Include="Logic\Interfaces\uIArchiveCompanyItem.pas"/>
        <DCCReference Include="Logic\Interfaces\uIArchiveCompanyList.pas"/>
        <DCCReference Include="Logic\Interfaces\uIArchiveDocumentItem.pas"/>
        <DCCReference Include="Logic\Interfaces\uIArchiveDocumentList.pas"/>
        <DCCReference Include="Logic\Interfaces\uICauseOfArchiveDocumentDamageItem.pas"/>
        <DCCReference Include="Logic\Interfaces\uICauseOfArchiveDocumentDamageList.pas"/>
        <DCCReference Include="Logic\Interfaces\uICustomBSOItem.pas"/>
        <DCCReference Include="Logic\Interfaces\uIDamagedBSOItem.pas"/>
        <DCCReference Include="Logic\Interfaces\uILoadableItem.pas"/>
        <DCCReference Include="Logic\Interfaces\uILoadableList.pas"/>
        <DCCReference Include="Logic\Interfaces\uIShipmentBSOItem.pas"/>
        <DCCReference Include="Logic\Interfaces\uIShipmentBSOWithActItem.pas"/>
        <DCCReference Include="Logic\Interfaces\uIShowable.pas"/>
        <DCCReference Include="Logic\Interfaces\uIShowableField.pas"/>
        <DCCReference Include="Logic\Classes\uTArchiveBoxItem.pas"/>
        <DCCReference Include="Logic\Classes\uTArchiveBoxList.pas"/>
        <DCCReference Include="Logic\Classes\uTArchiveBoxTypeItem.pas"/>
        <DCCReference Include="Logic\Classes\uTArchiveBoxTypeList.pas"/>
        <DCCReference Include="Logic\Classes\uTArchiveCompanyItem.pas"/>
        <DCCReference Include="Logic\Classes\uTArchiveCompanyList.pas"/>
        <DCCReference Include="Logic\Classes\uTArchiveDocumentItem.pas"/>
        <DCCReference Include="Logic\Classes\uTArchiveDocumentItemClass.pas"/>
        <DCCReference Include="Logic\Classes\uTArchiveDocumentList.pas"/>
        <DCCReference Include="Logic\Classes\uTArchiveDocumentListClass.pas"/>
        <DCCReference Include="Logic\Classes\uTCauseOfArchiveDocumentDamageItem.pas"/>
        <DCCReference Include="Logic\Classes\uTCauseOfArchiveDocumentDamageList.pas"/>
        <DCCReference Include="Logic\Classes\uTCustomBSOItem.pas"/>
        <DCCReference Include="Logic\Classes\uTDamagedBSOItem.pas"/>
        <DCCReference Include="Logic\Classes\uTDamagedBSOList.pas"/>
        <DCCReference Include="Logic\Classes\uTLoadableItem.pas"/>
        <DCCReference Include="Logic\Classes\uTLoadableItemClass.pas"/>
        <DCCReference Include="Logic\Classes\uTLoadableList.pas"/>
        <DCCReference Include="Logic\Classes\uTLoadableListClass.pas"/>
        <DCCReference Include="Logic\Classes\uTShipmentBSOItem.pas"/>
        <DCCReference Include="Logic\Classes\uTShipmentBSOList.pas"/>
        <DCCReference Include="Logic\Classes\uTShipmentBSOWithActItem.pas"/>
        <DCCReference Include="Logic\Classes\uTShipmentBSOWithActList.pas"/>
        <DCCReference Include="Logic\Classes\uTShowableField.pas"/>
        <DCCReference Include="Common\uArchivingCommonRoutines.pas"/>
        <DCCReference Include="Logic\Classes\uTCustomBusinessLogic.pas"/>
        <DCCReference Include="Logic\Interfaces\uICustomBusinessLogic.pas"/>
        <DCCReference Include="UI\uTReportDataModule.pas">
            <Form>ReportDataModule</Form>
            <FormType>dfm</FormType>
            <DesignClass>TDataModule</DesignClass>
        </DCCReference>
        <DCCReference Include="Common\uArchivingCommonConsts.pas"/>
        <DCCReference Include="Common\uArchivingCommonResources.pas"/>
        <None Include="ModelSupport_ArchivingCommons\default.txaPackage"/>
        <None Include="ModelSupport_ArchivingCommons\default.txvpck"/>
        <None Include="ModelSupport_ArchivingCommons\uTArchiveDocumentItem\default.txvpck"/>
        <None Include="ModelSupport_ArchivingCommons\uTArchiveDocumentItem\default.txaPackage"/>
        <None Include="ModelSupport_ArchivingCommons\uTArchiveBoxItem\default.txvpck"/>
        <None Include="ModelSupport_ArchivingCommons\uTArchiveBoxItem\default.txaPackage"/>
        <None Include="ModelSupport_ArchivingCommons\uIArchiveBoxItem\default.txvpck"/>
        <None Include="ModelSupport_ArchivingCommons\uIShowable\default.txvpck"/>
        <None Include="ModelSupport_ArchivingCommons\uILoadableItem\default.txvpck"/>
        <BuildConfiguration Include="Release">
            <Key>Cfg_2</Key>
            <CfgParent>Base</CfgParent>
        </BuildConfiguration>
        <BuildConfiguration Include="Base">
            <Key>Base</Key>
        </BuildConfiguration>
        <BuildConfiguration Include="Debug">
            <Key>Cfg_1</Key>
            <CfgParent>Base</CfgParent>
        </BuildConfiguration>
    </ItemGroup>
    <ProjectExtensions>
        <Borland.Personality>Delphi.Personality.12</Borland.Personality>
        <Borland.ProjectType>Package</Borland.ProjectType>
        <BorlandProject>
            <Delphi.Personality>
                <Source>
                    <Source Name="MainSource">ArchivingCommons.dpk</Source>
                </Source>
                <VersionInfo>
                    <VersionInfo Name="IncludeVerInfo">True</VersionInfo>
                    <VersionInfo Name="AutoIncBuild">False</VersionInfo>
                    <VersionInfo Name="MajorVer">1</VersionInfo>
                    <VersionInfo Name="MinorVer">0</VersionInfo>
                    <VersionInfo Name="Release">0</VersionInfo>
                    <VersionInfo Name="Build">0</VersionInfo>
                    <VersionInfo Name="Debug">False</VersionInfo>
                    <VersionInfo Name="PreRelease">False</VersionInfo>
                    <VersionInfo Name="Special">False</VersionInfo>
                    <VersionInfo Name="Private">False</VersionInfo>
                    <VersionInfo Name="DLL">False</VersionInfo>
                    <VersionInfo Name="Locale">1049</VersionInfo>
                    <VersionInfo Name="CodePage">1251</VersionInfo>
                </VersionInfo>
                <VersionInfoKeys>
                    <VersionInfoKeys Name="CompanyName"/>
                    <VersionInfoKeys Name="FileDescription"/>
                    <VersionInfoKeys Name="FileVersion">1.0.0.0</VersionInfoKeys>
                    <VersionInfoKeys Name="InternalName"/>
                    <VersionInfoKeys Name="LegalCopyright"/>
                    <VersionInfoKeys Name="LegalTrademarks"/>
                    <VersionInfoKeys Name="OriginalFilename"/>
                    <VersionInfoKeys Name="ProductName"/>
                    <VersionInfoKeys Name="ProductVersion">1.0.0.0</VersionInfoKeys>
                    <VersionInfoKeys Name="Comments"/>
                    <VersionInfoKeys Name="CFBundleName"/>
                    <VersionInfoKeys Name="CFBundleDisplayName"/>
                    <VersionInfoKeys Name="UIDeviceFamily"/>
                    <VersionInfoKeys Name="CFBundleIdentifier"/>
                    <VersionInfoKeys Name="CFBundleVersion"/>
                    <VersionInfoKeys Name="CFBundlePackageType"/>
                    <VersionInfoKeys Name="CFBundleSignature"/>
                    <VersionInfoKeys Name="CFBundleAllowMixedLocalizations"/>
                    <VersionInfoKeys Name="UISupportedInterfaceOrientations"/>
                    <VersionInfoKeys Name="CFBundleExecutable"/>
                    <VersionInfoKeys Name="CFBundleResourceSpecification"/>
                    <VersionInfoKeys Name="LSRequiresIPhoneOS"/>
                    <VersionInfoKeys Name="CFBundleInfoDictionaryVersion"/>
                    <VersionInfoKeys Name="CFBundleDevelopmentRegion"/>
                </VersionInfoKeys>
                <Excluded_Packages>
                    <Excluded_Packages Name="$(BDSBIN)\dcloffice2k180.bpl">Microsoft Office 2000 Sample Automation Server Wrapper Components</Excluded_Packages>
                    <Excluded_Packages Name="$(BDSBIN)\dclofficexp180.bpl">Microsoft Office XP Sample Automation Server Wrapper Components</Excluded_Packages>
                </Excluded_Packages>
            </Delphi.Personality>
            <Deployment/>
            <Platforms>
                <Platform value="OSX32">False</Platform>
                <Platform value="Win32">True</Platform>
                <Platform value="Win64">False</Platform>
            </Platforms>
            <ModelSupport>True</ModelSupport>
        </BorlandProject>
        <ProjectFileVersion>12</ProjectFileVersion>
    </ProjectExtensions>
    <Import Project="$(BDS)\Bin\CodeGear.Delphi.Targets" Condition="Exists('$(BDS)\Bin\CodeGear.Delphi.Targets')"/>
    <Import Project="$(APPDATA)\Embarcadero\$(BDSAPPDATABASEDIR)\$(PRODUCTVERSION)\UserTools.proj" Condition="Exists('$(APPDATA)\Embarcadero\$(BDSAPPDATABASEDIR)\$(PRODUCTVERSION)\UserTools.proj')"/>
</Project>
