<Project xmlns="http://schemas.microsoft.com/developer/msbuild/2003">
    <PropertyGroup>
        <ProjectGuid>{E669E64F-A892-4670-AE70-A9CB6558A37E}</ProjectGuid>
        <ProjectVersion>16.0</ProjectVersion>
        <MainSource>OA5.dpr</MainSource>
        <Base>True</Base>
        <Config Condition="'$(Config)'==''">Debug</Config>
        <AppType>Application</AppType>
        <FrameworkType>VCL</FrameworkType>
        <DCC_DCCCompiler>DCC32</DCC_DCCCompiler>
        <Platform Condition="'$(Platform)'==''">Win32</Platform>
        <TargetedPlatforms>1</TargetedPlatforms>
    </PropertyGroup>
    <PropertyGroup Condition="'$(Config)'=='Base' or '$(Base)'!=''">
        <Base>true</Base>
    </PropertyGroup>
    <PropertyGroup Condition="('$(Platform)'=='Win32' and '$(Base)'=='true') or '$(Base_Win32)'!=''">
        <Base_Win32>true</Base_Win32>
        <CfgParent>Base</CfgParent>
        <Base>true</Base>
    </PropertyGroup>
    <PropertyGroup Condition="('$(Platform)'=='Win64' and '$(Base)'=='true') or '$(Base_Win64)'!=''">
        <Base_Win64>true</Base_Win64>
        <CfgParent>Base</CfgParent>
        <Base>true</Base>
    </PropertyGroup>
    <PropertyGroup Condition="'$(Config)'=='Debug' or '$(Cfg_1)'!=''">
        <Cfg_1>true</Cfg_1>
        <CfgParent>Base</CfgParent>
        <Base>true</Base>
    </PropertyGroup>
    <PropertyGroup Condition="('$(Platform)'=='Win32' and '$(Cfg_1)'=='true') or '$(Cfg_1_Win32)'!=''">
        <Cfg_1_Win32>true</Cfg_1_Win32>
        <CfgParent>Cfg_1</CfgParent>
        <Cfg_1>true</Cfg_1>
        <Base>true</Base>
    </PropertyGroup>
    <PropertyGroup Condition="('$(Platform)'=='Win64' and '$(Cfg_1)'=='true') or '$(Cfg_1_Win64)'!=''">
        <Cfg_1_Win64>true</Cfg_1_Win64>
        <CfgParent>Cfg_1</CfgParent>
        <Cfg_1>true</Cfg_1>
        <Base>true</Base>
    </PropertyGroup>
    <PropertyGroup Condition="'$(Config)'=='Release' or '$(Cfg_2)'!=''">
        <Cfg_2>true</Cfg_2>
        <CfgParent>Base</CfgParent>
        <Base>true</Base>
    </PropertyGroup>
    <PropertyGroup Condition="('$(Platform)'=='Win32' and '$(Cfg_2)'=='true') or '$(Cfg_2_Win32)'!=''">
        <Cfg_2_Win32>true</Cfg_2_Win32>
        <CfgParent>Cfg_2</CfgParent>
        <Cfg_2>true</Cfg_2>
        <Base>true</Base>
    </PropertyGroup>
    <PropertyGroup Condition="'$(Base)'!=''">
        <SanitizedProjectName>OA5</SanitizedProjectName>
        <VerInfo_AutoGenVersion>true</VerInfo_AutoGenVersion>
        <DCC_ExeOutput>..\$(Platform)\$(Config)</DCC_ExeOutput>
        <DCC_DcuOutput>..\$(Platform)\$(Config)\$(ProductVersion)\DCU</DCC_DcuOutput>
        <DCC_DcpOutput>..\..\Packages\$(Platform)\$(Config)\$(ProductVersion)</DCC_DcpOutput>
        <Icon_MainIcon>OA5_Icon.ico</Icon_MainIcon>
        <Manifest_File>$(BDS)\bin\default_app.manifest</Manifest_File>
        <VerInfo_IncludeVerInfo>true</VerInfo_IncludeVerInfo>
        <VerInfo_MajorVer>5</VerInfo_MajorVer>
        <DCC_Namespace>Vcl;Vcl.Imaging;Vcl.Touch;Vcl.Samples;Vcl.Shell;System;Xml;Data;Datasnap;Web;Soap;Winapi;Web.Win;Xml.Win;$(DCC_Namespace)</DCC_Namespace>
        <VerInfo_Keys>CompanyName=;FileDescription=АРМ оператора услуги &apos;&apos;Отдых и развлечения&apos;&apos;;FileVersion=5.0.0.0;InternalName=OA5;LegalCopyright=(C)opyright 2007-2011 by Caster;LegalTrademarks=;OriginalFilename=OA5.exe;ProductName=;ProductVersion=5.0.0.0;Comments=Прощальный подарок Тислику</VerInfo_Keys>
        <VerInfo_Locale>1049</VerInfo_Locale>
        <DCC_UnitSearchPath>..\..\CastersPackage\$(Platform)\$(Config)\$(ProductVersion)\DCU;..\..\AboutPackage\$(Platform)\$(Config)\$(ProductVersion)\DCU;..\..\CastersPackage\SRC\UI;$(DCC_UnitSearchPath)</DCC_UnitSearchPath>
        <DCC_BplOutput>..\..\Packages\$(Platform)\$(Config)\$(ProductVersion)</DCC_BplOutput>
        <DCC_Description>(C)opyright 2007-2010 by Vlad DraCooLa</DCC_Description>
        <DCC_UsePackage>vcl;vclx;VclSmp;rtl;vclimg;vclactnband;xmlrtl;IndyCore;IndySystem;IndyProtocols;vclie;inet;inetdbbde;inetdbxpress;DbxCommonDriver;DbxClientDriver;DBXInterBaseDriver;DBXMySQLDriver;DBXFirebirdDriver;DBXSybaseASEDriver;DBXSybaseASADriver;DBXOracleDriver;DBXMSSQLDriver;DBXInformixDriver;DBXDb2Driver;CodeSiteExpressVcl;$(DCC_UsePackage)</DCC_UsePackage>
        <DCC_ImageBase>00400000</DCC_ImageBase>
    </PropertyGroup>
    <PropertyGroup Condition="'$(Base_Win32)'!=''">
        <Manifest_File>$(BDS)\bin\default_app.manifest</Manifest_File>
        <DCC_Define>Platform32bit;$(DCC_Define)</DCC_Define>
        <DCC_UsePackage>svnui;svn;$(DCC_UsePackage)</DCC_UsePackage>
        <DCC_Namespace>System.Win;Data.Win;Datasnap.Win;Soap.Win;Bde;$(DCC_Namespace)</DCC_Namespace>
        <Debugger_IncludeSystemVars>true</Debugger_IncludeSystemVars>
    </PropertyGroup>
    <PropertyGroup Condition="'$(Base_Win64)'!=''">
        <DCC_Namespace>System.Win;Data.Win;Datasnap.Win;Soap.Win;$(DCC_Namespace)</DCC_Namespace>
        <VerInfo_Keys>CompanyName=;FileDescription=;FileVersion=1.0.0.0;InternalName=;LegalCopyright=;LegalTrademarks=;OriginalFilename=;ProductName=;ProductVersion=1.0.0.0;Comments=</VerInfo_Keys>
        <Icon_MainIcon>OA5_Icon.ico</Icon_MainIcon>
        <Manifest_File>$(BDS)\bin\default_app.manifest</Manifest_File>
    </PropertyGroup>
    <PropertyGroup Condition="'$(Cfg_1)'!=''">
        <VerInfo_Debug>true</VerInfo_Debug>
        <DCC_RangeChecking>true</DCC_RangeChecking>
        <DCC_DebugInfoInExe>true</DCC_DebugInfoInExe>
        <DCC_IntegerOverflowCheck>true</DCC_IntegerOverflowCheck>
        <DCC_Define>DEBUG;$(DCC_Define)</DCC_Define>
        <DCC_Optimize>false</DCC_Optimize>
        <DCC_GenerateStackFrames>true</DCC_GenerateStackFrames>
    </PropertyGroup>
    <PropertyGroup Condition="'$(Cfg_1_Win32)'!=''">
        <VerInfo_AutoGenVersion>false</VerInfo_AutoGenVersion>
        <VerInfo_AutoIncVersion>true</VerInfo_AutoIncVersion>
        <VerInfo_Keys>CompanyName=;FileDescription=АРМ оператора услуги &apos;&apos;Отдых и развлечения&apos;&apos;;FileVersion=5.0.0.0;InternalName=OA5;LegalCopyright=(C)opyright 2007-2012 by Caster;LegalTrademarks=;OriginalFilename=OA5.exe;ProductName=;ProductVersion=5.0.0.0;Comments=Прощальный подарок Тислику</VerInfo_Keys>
    </PropertyGroup>
    <PropertyGroup Condition="'$(Cfg_1_Win64)'!=''">
        <DCC_RemoteDebug>true</DCC_RemoteDebug>
    </PropertyGroup>
    <PropertyGroup Condition="'$(Cfg_2)'!=''">
        <DCC_LocalDebugSymbols>false</DCC_LocalDebugSymbols>
        <DCC_Define>RELEASE;$(DCC_Define)</DCC_Define>
        <DCC_SymbolReferenceInfo>0</DCC_SymbolReferenceInfo>
        <DCC_DebugInformation>0</DCC_DebugInformation>
    </PropertyGroup>
    <PropertyGroup Condition="'$(Cfg_2_Win32)'!=''">
        <Manifest_File>$(BDS)\bin\default_app.manifest</Manifest_File>
    </PropertyGroup>
    <ItemGroup>
        <DelphiCompile Include="$(MainSource)">
            <MainSource>MainSource</MainSource>
        </DelphiCompile>
        <DCCReference Include="Logic\Interfaces\OA5.uIAccount.pas"/>
        <DCCReference Include="Logic\Interfaces\OA5.uIConfiguration.pas"/>
        <DCCReference Include="Logic\Interfaces\OA5.uIMeasure.pas"/>
        <DCCReference Include="Logic\Interfaces\OA5.uIMeasureList.pas"/>
        <DCCReference Include="Logic\Interfaces\OA5.uIMySQLConnection.pas"/>
        <DCCReference Include="Logic\Interfaces\OA5.uIOA5Form.pas"/>
        <DCCReference Include="Logic\Interfaces\OA5.uIPrivilegies.pas"/>
        <DCCReference Include="UI\OA5.uTAboutForm.pas">
            <Form>AboutForm</Form>
        </DCCReference>
        <DCCReference Include="UI\OA5.uTAddEditPhoneForm.pas">
            <Form>AddEditPhoneForm</Form>
        </DCCReference>
        <DCCReference Include="UI\OA5.uTAddMassMsrForm.pas">
            <Form>AddMassMsrForm</Form>
        </DCCReference>
        <DCCReference Include="UI\OA5.uTConfigurationForm.pas">
            <Form>ConfigurationForm</Form>
        </DCCReference>
        <DCCReference Include="UI\OA5.uTCreateMessageForm.pas">
            <Form>CreateMessageForm</Form>
        </DCCReference>
        <DCCReference Include="UI\OA5.uTLoginForm.pas">
            <Form>LoginForm</Form>
        </DCCReference>
        <DCCReference Include="UI\OA5.uTMainForm.pas">
            <Form>MainForm</Form>
        </DCCReference>
        <DCCReference Include="UI\OA5.uTMultiBufferForm.pas">
            <Form>MultiBufferForm</Form>
        </DCCReference>
        <DCCReference Include="UI\OA5.uTPermissionsForm.pas">
            <Form>PermissionsForm</Form>
        </DCCReference>
        <DCCReference Include="UI\OA5.uTReportForm.pas">
            <Form>ReportForm</Form>
        </DCCReference>
        <DCCReference Include="UI\OA5.uTSetPasswordForm.pas">
            <Form>SetPasswordForm</Form>
        </DCCReference>
        <DCCReference Include="UI\OA5.uTViewMessageForm.pas">
            <Form>ViewMessageForm</Form>
        </DCCReference>
        <DCCReference Include="UI\OA5.uTViewMessagesForm.pas">
            <Form>ViewMessagesForm</Form>
        </DCCReference>
        <DCCReference Include="Logic\Classes\OA5.uTAccount.pas"/>
        <DCCReference Include="Logic\Classes\OA5.uTConfiguration.pas"/>
        <DCCReference Include="Logic\Classes\OA5.uTMeasure.pas"/>
        <DCCReference Include="Logic\Classes\OA5.uTMeasureList.pas"/>
        <DCCReference Include="Logic\Classes\OA5.uTMySQLConnection.pas"/>
        <DCCReference Include="Logic\Classes\OA5.uTPrivilegies.pas"/>
        <DCCReference Include="Logic\Other\OA5.uDefaultConsts.pas"/>
        <DCCReference Include="Logic\Classes\OA5.uTPhone.pas"/>
        <DCCReference Include="Logic\Types\OA5.uTPhoneTypes.pas"/>
        <DCCReference Include="Logic\Types\OA5.uTStationaryProviders.pas"/>
        <DCCReference Include="Logic\Types\OA5.uTMobileProviders.pas"/>
        <DCCReference Include="Logic\Other\OA5.uResourceStrings.pas"/>
        <DCCReference Include="Logic\Other\OA5.uConsts.pas"/>
        <DCCReference Include="Logic\Classes\OA5.uTOA5LogForm.pas">
            <Form>OA5LogForm</Form>
        </DCCReference>
        <DCCReference Include="Logic\Classes\OA5.uTOA5PositionedLogForm.pas">
            <Form>OA5PositionedLogForm</Form>
        </DCCReference>
        <DCCReference Include="Logic\Classes\OA5.uTCustomPhone.pas"/>
        <DCCReference Include="Logic\Classes\OA5.uTUnknownPhone.pas"/>
        <DCCReference Include="Logic\Classes\OA5.uTStationaryPhone.pas"/>
        <DCCReference Include="Logic\Classes\OA5.uTMobilePhone.pas"/>
        <DCCReference Include="Logic\Interfaces\OA5.uICustomPhone.pas"/>
        <DCCReference Include="UI\OA5.uTPhoneListForm.pas">
            <Form>PhoneListForm</Form>
            <FormType>dfm</FormType>
        </DCCReference>
        <DCCReference Include="Logic\Classes\OA5.uEConfiguration.pas"/>
        <BuildConfiguration Include="Release">
            <Key>Cfg_2</Key>
            <CfgParent>Base</CfgParent>
        </BuildConfiguration>
        <BuildConfiguration Include="Base">
            <Key>Base</Key>
        </BuildConfiguration>
        <BuildConfiguration Include="Debug">
            <Key>Cfg_1</Key>
            <CfgParent>Base</CfgParent>
        </BuildConfiguration>
    </ItemGroup>
    <Import Condition="Exists('$(BDS)\Bin\CodeGear.Delphi.Targets')" Project="$(BDS)\Bin\CodeGear.Delphi.Targets"/>
    <ProjectExtensions>
        <Borland.Personality>Delphi.Personality.12</Borland.Personality>
        <Borland.ProjectType/>
        <BorlandProject>
            <Delphi.Personality>
                <Parameters>
                    <Parameters Name="IncludeSystemVars">True</Parameters>
                </Parameters>
                <VersionInfo>
                    <VersionInfo Name="IncludeVerInfo">True</VersionInfo>
                    <VersionInfo Name="AutoIncBuild">False</VersionInfo>
                    <VersionInfo Name="MajorVer">5</VersionInfo>
                    <VersionInfo Name="MinorVer">0</VersionInfo>
                    <VersionInfo Name="Release">0</VersionInfo>
                    <VersionInfo Name="Build">0</VersionInfo>
                    <VersionInfo Name="Debug">False</VersionInfo>
                    <VersionInfo Name="PreRelease">False</VersionInfo>
                    <VersionInfo Name="Special">False</VersionInfo>
                    <VersionInfo Name="Private">False</VersionInfo>
                    <VersionInfo Name="DLL">False</VersionInfo>
                    <VersionInfo Name="Locale">1049</VersionInfo>
                    <VersionInfo Name="CodePage">1251</VersionInfo>
                </VersionInfo>
                <VersionInfoKeys>
                    <VersionInfoKeys Name="CompanyName"/>
                    <VersionInfoKeys Name="FileDescription">АРМ оператора услуги &quot;Отдых и развлечения&quot;</VersionInfoKeys>
                    <VersionInfoKeys Name="FileVersion">5.0.0.0</VersionInfoKeys>
                    <VersionInfoKeys Name="InternalName">OA5</VersionInfoKeys>
                    <VersionInfoKeys Name="LegalCopyright">(C)opyright 2007-2011 by Caster</VersionInfoKeys>
                    <VersionInfoKeys Name="LegalTrademarks"/>
                    <VersionInfoKeys Name="OriginalFilename">OA5.exe</VersionInfoKeys>
                    <VersionInfoKeys Name="ProductName"/>
                    <VersionInfoKeys Name="ProductVersion">5.0.0.0</VersionInfoKeys>
                    <VersionInfoKeys Name="Comments">Посвящается моей любимой жене ;)</VersionInfoKeys>
                </VersionInfoKeys>
                <Excluded_Packages/>
                <Source>
                    <Source Name="MainSource">OA5.dpr</Source>
                </Source>
                <DebugEnvironmentVariables>
                    <DebugEnvironmentVariables Name="BDSPROJECTSDIR">&apos;D:\My Documents\RAD Studio\Projects&apos;</DebugEnvironmentVariables>
                </DebugEnvironmentVariables>
            </Delphi.Personality>
            <Platforms>
                <Platform value="Win32">True</Platform>
                <Platform value="Win64">False</Platform>
            </Platforms>
            <ActiveXProjectInfo>
                <version>1</version>
            </ActiveXProjectInfo>
        </BorlandProject>
        <ProjectFileVersion>12</ProjectFileVersion>
    </ProjectExtensions>
    <Import Condition="Exists('$(APPDATA)\Embarcadero\$(BDSAPPDATABASEDIR)\$(PRODUCTVERSION)\UserTools.proj')" Project="$(APPDATA)\Embarcadero\$(BDSAPPDATABASEDIR)\$(PRODUCTVERSION)\UserTools.proj"/>
</Project>
