<Project xmlns="http://schemas.microsoft.com/developer/msbuild/2003">
    <PropertyGroup>
        <ProjectGuid>{F55E2852-106A-4E78-A9BB-90CA755E4D4E}</ProjectGuid>
        <ProjectVersion>16.0</ProjectVersion>
        <FrameworkType>VCL</FrameworkType>
        <MainSource>TAPEstimator.dpr</MainSource>
        <Base>True</Base>
        <Config Condition="'$(Config)'==''">Debug</Config>
        <Platform Condition="'$(Platform)'==''">Win32</Platform>
        <TargetedPlatforms>1</TargetedPlatforms>
        <AppType>Application</AppType>
    </PropertyGroup>
    <PropertyGroup Condition="'$(Config)'=='Base' or '$(Base)'!=''">
        <Base>true</Base>
    </PropertyGroup>
    <PropertyGroup Condition="('$(Platform)'=='Win32' and '$(Base)'=='true') or '$(Base_Win32)'!=''">
        <Base_Win32>true</Base_Win32>
        <CfgParent>Base</CfgParent>
        <Base>true</Base>
    </PropertyGroup>
    <PropertyGroup Condition="('$(Platform)'=='Win64' and '$(Base)'=='true') or '$(Base_Win64)'!=''">
        <Base_Win64>true</Base_Win64>
        <CfgParent>Base</CfgParent>
        <Base>true</Base>
    </PropertyGroup>
    <PropertyGroup Condition="'$(Config)'=='Debug' or '$(Cfg_1)'!=''">
        <Cfg_1>true</Cfg_1>
        <CfgParent>Base</CfgParent>
        <Base>true</Base>
    </PropertyGroup>
    <PropertyGroup Condition="('$(Platform)'=='Win32' and '$(Cfg_1)'=='true') or '$(Cfg_1_Win32)'!=''">
        <Cfg_1_Win32>true</Cfg_1_Win32>
        <CfgParent>Cfg_1</CfgParent>
        <Cfg_1>true</Cfg_1>
        <Base>true</Base>
    </PropertyGroup>
    <PropertyGroup Condition="'$(Config)'=='Release' or '$(Cfg_2)'!=''">
        <Cfg_2>true</Cfg_2>
        <CfgParent>Base</CfgParent>
        <Base>true</Base>
    </PropertyGroup>
    <PropertyGroup Condition="'$(Base)'!=''">
        <VerInfo_Build>64</VerInfo_Build>
        <SanitizedProjectName>TAPEstimator</SanitizedProjectName>
        <VerInfo_AutoIncVersion>true</VerInfo_AutoIncVersion>
        <VerInfo_MinorVer>1</VerInfo_MinorVer>
        <VerInfo_IncludeVerInfo>true</VerInfo_IncludeVerInfo>
        <VerInfo_MajorVer>0</VerInfo_MajorVer>
        <VerInfo_Locale>1049</VerInfo_Locale>
        <DCC_UnitSearchPath>..\..\Packages\$(Platform)\$(Config)\$(ProductVersion);..\..\CastersPackage\$(Platform)\$(Config)\$(ProductVersion)\DCU;..\..\ConfigPackage\$(Platform)\$(Config)\$(ProductVersion)\DCU;..\..\AboutPackage\$(Platform)\$(Config)\$(ProductVersion)\DCU;..\..\CastersPackage\SRC\UI;..\..\AboutPackage\SRC\UI;$(DCC_UnitSearchPath)</DCC_UnitSearchPath>
        <Manifest_File>$(BDS)\bin\default_app.manifest</Manifest_File>
        <VerInfo_Keys>CompanyName=;FileDescription=Утилита для расчёта времени выполнения TAP-файлов;FileVersion=0.1.0.64;InternalName=TAP Estimator;LegalCopyright=(C)opyright 2013 by Vlad Ivanov, Ilya Kuzmenkov;LegalTrademarks=;OriginalFilename=TAPEstimator.exe;ProductName=TAP Estimator;ProductVersion=0.1.0.64;Comments=Idea: Ilya Kuzmenkov. Developing: Vlad Ivanov</VerInfo_Keys>
        <DCC_BplOutput>..\..\Packages\$(Platform)\$(Config)\$(ProductVersion)</DCC_BplOutput>
        <DCC_DcpOutput>..\..\Packages\$(Platform)\$(Config)\$(ProductVersion)</DCC_DcpOutput>
        <DCC_UsePackage>bindcompfmx;fmx;rtl;dbrtl;IndySystem;DbxClientDriver;bindcomp;inetdb;DBXInterBaseDriver;DataSnapCommon;DataSnapClient;DataSnapServer;DataSnapProviderClient;xmlrtl;DbxCommonDriver;IndyProtocols;DBXMySQLDriver;dbxcds;soaprtl;FMXTee;bindengine;DBXOracleDriver;CustomIPTransport;dsnap;DBXInformixDriver;IndyCore;FmxTeeUI;DBXFirebirdDriver;inet;inetdbxpress;DBXSybaseASADriver;IPIndyImpl;dbexpress;DataSnapIndy10ServerTransport;$(DCC_UsePackage)</DCC_UsePackage>
        <DCC_Namespace>System;Xml;Data;Datasnap;Web;Soap;Vcl;Vcl.Imaging;Vcl.Touch;Vcl.Samples;Vcl.Shell;$(DCC_Namespace)</DCC_Namespace>
        <DCC_DcuOutput>..\$(Platform)\$(Config)\$(ProductVersion)\DCU</DCC_DcuOutput>
        <DCC_ExeOutput>..\$(Platform)\$(Config)\$(ProductVersion)</DCC_ExeOutput>
        <DCC_E>false</DCC_E>
        <DCC_N>false</DCC_N>
        <DCC_S>false</DCC_S>
        <DCC_F>false</DCC_F>
        <DCC_K>false</DCC_K>
    </PropertyGroup>
    <PropertyGroup Condition="'$(Base_Win32)'!=''">
        <DCC_Define>Platform32bit;$(DCC_Define)</DCC_Define>
        <DCC_UsePackage>fs17;frx17;DBXSqliteDriver;vcldbx;TeeDB;vclib;inetdbbde;DBXOdbcDriver;Tee;svnui;ibxpress;DBXSybaseASEDriver;vclimg;MetropolisUILiveTile;vclactnband;vcldb;bindcompdbx;vcldsnap;bindcompvcl;TeeUI;vclie;vcltouch;DBXDb2Driver;CastersPackage;websnap;VclSmp;IndyIPServer;fmxase;vcl;DataSnapConnectors;IndyIPCommon;CloudService;DBXMSSQLDriver;dsnapcon;fsDB17;fmxobj;frxDB17;CodeSiteExpressPkg;vclx;frxe17;webdsnap;svn;fmxdae;bdertl;adortl;IndyIPClient;$(DCC_UsePackage)</DCC_UsePackage>
        <DCC_Namespace>Winapi;System.Win;Data.Win;Datasnap.Win;Web.Win;Soap.Win;Xml.Win;Bde;$(DCC_Namespace)</DCC_Namespace>
    </PropertyGroup>
    <PropertyGroup Condition="'$(Base_Win64)'!=''">
        <DCC_UsePackage>DBXSqliteDriver;DBXOdbcDriver;DBXSybaseASEDriver;vclimg;vclactnband;vcldb;bindcompdbx;vcldsnap;bindcompvcl;vclie;vcltouch;DBXDb2Driver;websnap;VclSmp;IndyIPServer;fmxase;vcl;IndyIPCommon;DBXMSSQLDriver;dsnapcon;fmxobj;vclx;webdsnap;fmxdae;IndyIPClient;$(DCC_UsePackage)</DCC_UsePackage>
    </PropertyGroup>
    <PropertyGroup Condition="'$(Cfg_1)'!=''">
        <VerInfo_Debug>true</VerInfo_Debug>
        <DCC_Define>DEBUG;$(DCC_Define)</DCC_Define>
        <DCC_DebugDCUs>true</DCC_DebugDCUs>
        <DCC_Optimize>false</DCC_Optimize>
        <DCC_GenerateStackFrames>true</DCC_GenerateStackFrames>
        <DCC_DebugInfoInExe>true</DCC_DebugInfoInExe>
        <DCC_RemoteDebug>true</DCC_RemoteDebug>
    </PropertyGroup>
    <PropertyGroup Condition="'$(Cfg_1_Win32)'!=''">
        <VerInfo_Build>65</VerInfo_Build>
        <VerInfo_Keys>CompanyName=;FileDescription=Утилита для расчёта времени выполнения TAP-файлов;FileVersion=0.1.0.65;InternalName=TAP Estimator;LegalCopyright=(C)opyright 2013 by Vlad Ivanov, Ilya Kuzmenkov;LegalTrademarks=;OriginalFilename=TAPEstimator.exe;ProductName=TAP Estimator;ProductVersion=0.1.0.64;Comments=Idea: Ilya Kuzmenkov. Developing: Vlad Ivanov</VerInfo_Keys>
        <DCC_RemoteDebug>false</DCC_RemoteDebug>
    </PropertyGroup>
    <PropertyGroup Condition="'$(Cfg_2)'!=''">
        <DCC_LocalDebugSymbols>false</DCC_LocalDebugSymbols>
        <DCC_Define>RELEASE;$(DCC_Define)</DCC_Define>
        <DCC_SymbolReferenceInfo>0</DCC_SymbolReferenceInfo>
        <DCC_DebugInformation>0</DCC_DebugInformation>
    </PropertyGroup>
    <ItemGroup>
        <DelphiCompile Include="$(MainSource)">
            <MainSource>MainSource</MainSource>
        </DelphiCompile>
        <DCCReference Include="UI\TAPEstimator.uTMainForm.pas">
            <Form>MainForm</Form>
            <FormType>dfm</FormType>
        </DCCReference>
        <DCCReference Include="UI\TAPEstimator.uTConfigurationForm.pas">
            <Form>ConfigurationForm</Form>
            <FormType>dfm</FormType>
        </DCCReference>
        <DCCReference Include="Logic\Classes\TAPEstimator.Configuration.uTConfiguration.pas"/>
        <DCCReference Include="UI\TAPEstimator.uTProfileForm.pas">
            <Form>ProfileForm</Form>
            <FormType>dfm</FormType>
        </DCCReference>
        <DCCReference Include="Logic\Other\TAPEstimator.uConsts.pas"/>
        <DCCReference Include="UI\TAPEstimator.uTRecentsPropertiesForm.pas">
            <Form>RecentsPropertiesForm</Form>
            <FormType>dfm</FormType>
        </DCCReference>
        <DCCReference Include="Logic\Interfaces\TAPEstimator.Configuration.uIRecent.pas"/>
        <DCCReference Include="Logic\Interfaces\TAPEstimator.Configuration.uIRecents.pas"/>
        <DCCReference Include="Logic\Classes\TAPEstimator.Configuration.uTRecent.pas"/>
        <DCCReference Include="Logic\Classes\TAPEstimator.Configuration.uTRecents.pas"/>
        <DCCReference Include="Logic\Classes\TAPEstimator.Profile.uTProfile.pas"/>
        <DCCReference Include="Logic\Classes\TAPEstimator.Profile.uEProfile.pas"/>
        <DCCReference Include="Logic\Other\TAPEstimator.uResourceStrings.pas"/>
        <DCCReference Include="Logic\Types\TAPEstimator.uTTAPCommandPrefixes.pas"/>
        <DCCReference Include="Logic\Types\TAPEstimator.uTTAPNonCommandChars.pas"/>
        <DCCReference Include="Logic\Classes\TAPEstimator.uTTAPStringRoutines.pas"/>
        <DCCReference Include="Logic\Classes\TAPEstimator.uETAPWrongSymbol.pas"/>
        <DCCReference Include="Logic\Classes\TAPEstimator.Configuration.uTInterfaceSection.pas"/>
        <DCCReference Include="Logic\Classes\TAPEstimator.Configuration.uTOtherSection.pas"/>
        <DCCReference Include="Logic\Classes\TAPEstimator.Configuration.uEConfiguration.pas"/>
        <DCCReference Include="Logic\Research\TAPEstimator.uIArc.pas"/>
        <DCCReference Include="Logic\Research\TAPEstimator.uIDrawable.pas"/>
        <DCCReference Include="Logic\Research\TAPEstimator.uIFigure.pas"/>
        <DCCReference Include="Logic\Research\TAPEstimator.uILineSegment.pas"/>
        <DCCReference Include="Logic\Research\TAPEstimator.uILocation.pas"/>
        <DCCReference Include="Logic\Research\TAPEstimator.uIPoint.pas"/>
        <DCCReference Include="Logic\Research\TAPEstimator.uTArc.pas"/>
        <DCCReference Include="Logic\Research\TAPEstimator.uTFigure.pas"/>
        <DCCReference Include="Logic\Research\TAPEstimator.uTLineSegment.pas"/>
        <DCCReference Include="Logic\Research\TAPEstimator.uTLocation.pas"/>
        <DCCReference Include="Logic\Research\TAPEstimator.uTPoint.pas"/>
        <DCCReference Include="Logic\Research\TAPEstimator.uTDirect3D9Gear.pas"/>
        <DCCReference Include="Logic\Classes\TAPEstimator.Configuration.uTMainFormStateSection.pas"/>
        <BuildConfiguration Include="Release">
            <Key>Cfg_2</Key>
            <CfgParent>Base</CfgParent>
        </BuildConfiguration>
        <BuildConfiguration Include="Base">
            <Key>Base</Key>
        </BuildConfiguration>
        <BuildConfiguration Include="Debug">
            <Key>Cfg_1</Key>
            <CfgParent>Base</CfgParent>
        </BuildConfiguration>
    </ItemGroup>
    <ProjectExtensions>
        <Borland.Personality>Delphi.Personality.12</Borland.Personality>
        <Borland.ProjectType/>
        <BorlandProject>
            <Delphi.Personality>
                <VersionInfo>
                    <VersionInfo Name="IncludeVerInfo">False</VersionInfo>
                    <VersionInfo Name="AutoIncBuild">False</VersionInfo>
                    <VersionInfo Name="MajorVer">1</VersionInfo>
                    <VersionInfo Name="MinorVer">0</VersionInfo>
                    <VersionInfo Name="Release">0</VersionInfo>
                    <VersionInfo Name="Build">0</VersionInfo>
                    <VersionInfo Name="Debug">False</VersionInfo>
                    <VersionInfo Name="PreRelease">False</VersionInfo>
                    <VersionInfo Name="Special">False</VersionInfo>
                    <VersionInfo Name="Private">False</VersionInfo>
                    <VersionInfo Name="DLL">False</VersionInfo>
                    <VersionInfo Name="Locale">1049</VersionInfo>
                    <VersionInfo Name="CodePage">1251</VersionInfo>
                </VersionInfo>
                <VersionInfoKeys>
                    <VersionInfoKeys Name="CompanyName"/>
                    <VersionInfoKeys Name="FileDescription"/>
                    <VersionInfoKeys Name="FileVersion">1.0.0.0</VersionInfoKeys>
                    <VersionInfoKeys Name="InternalName"/>
                    <VersionInfoKeys Name="LegalCopyright"/>
                    <VersionInfoKeys Name="LegalTrademarks"/>
                    <VersionInfoKeys Name="OriginalFilename"/>
                    <VersionInfoKeys Name="ProductName"/>
                    <VersionInfoKeys Name="ProductVersion">1.0.0.0</VersionInfoKeys>
                    <VersionInfoKeys Name="Comments"/>
                    <VersionInfoKeys Name="CFBundleName"/>
                    <VersionInfoKeys Name="CFBundleDisplayName"/>
                    <VersionInfoKeys Name="CFBundleIdentifier"/>
                    <VersionInfoKeys Name="CFBundleVersion"/>
                    <VersionInfoKeys Name="CFBundlePackageType"/>
                    <VersionInfoKeys Name="CFBundleSignature"/>
                    <VersionInfoKeys Name="CFBundleAllowMixedLocalizations"/>
                    <VersionInfoKeys Name="CFBundleExecutable"/>
                </VersionInfoKeys>
                <Source>
                    <Source Name="MainSource">TAPEstimator.dpr</Source>
                </Source>
                <Excluded_Packages/>
            </Delphi.Personality>
            <Deployment/>
            <Platforms>
                <Platform value="Win32">True</Platform>
                <Platform value="Win64">False</Platform>
            </Platforms>
        </BorlandProject>
        <ProjectFileVersion>12</ProjectFileVersion>
    </ProjectExtensions>
    <Import Project="$(BDS)\Bin\CodeGear.Delphi.Targets" Condition="Exists('$(BDS)\Bin\CodeGear.Delphi.Targets')"/>
    <Import Project="$(APPDATA)\Embarcadero\$(BDSAPPDATABASEDIR)\$(PRODUCTVERSION)\UserTools.proj" Condition="Exists('$(APPDATA)\Embarcadero\$(BDSAPPDATABASEDIR)\$(PRODUCTVERSION)\UserTools.proj')"/>
    <Import Project="$(MSBuildProjectName).deployproj" Condition="Exists('$(MSBuildProjectName).deployproj')"/>
</Project>
